
Microsoft Visual Studio Solution File, Format Version 12.00
# Visual Studio Version 17
VisualStudioVersion = 17.2.32526.322
MinimumVisualStudioVersion = 10.0.40219.1
Project("{FAE04EC0-301F-11D3-BF4B-00C04F79EFBC}") = "AulaDebora2", "AulaDebora2\AulaDebora2.csproj", "{A757DD5D-572C-458C-A484-9C2BE51F4E84}"
EndProject
Global
	GlobalSection(SolutionConfigurationPlatforms) = preSolution
		Debug|Any CPU = Debug|Any CPU
		Release|Any CPU = Release|Any CPU
	EndGlobalSection
	GlobalSection(ProjectConfigurationPlatforms) = postSolution
		{A757DD5D-572C-458C-A484-9C2BE51F4E84}.Debug|Any CPU.ActiveCfg = Debug|Any CPU
		{A757DD5D-572C-458C-A484-9C2BE51F4E84}.Debug|Any CPU.Build.0 = Debug|Any CPU
		{A757DD5D-572C-458C-A484-9C2BE51F4E84}.Release|Any CPU.ActiveCfg = Release|Any CPU
		{A757DD5D-572C-458C-A484-9C2BE51F4E84}.Release|Any CPU.Build.0 = Release|Any CPU
	EndGlobalSection
	GlobalSection(SolutionProperties) = preSolution
		HideSolutionNode = FALSE
	EndGlobalSection
	GlobalSection(ExtensibilityGlobals) = postSolution
		SolutionGuid = {62684CE7-F544-459E-9D9B-49FB66306DAB}
	EndGlobalSection
EndGlobal
